
Microsoft Visual Studio Solution File, Format Version 12.00
# Visual Studio Version 17
VisualStudioVersion = 17.5.2.0
MinimumVisualStudioVersion = 10.0.40219.1
Project("{2150E333-8FDC-42A3-9474-1A3956D46DE8}") = "solutions", "solutions", "{389A6295-2416-4E55-9E9D-8B67FB90EC73}"
EndProject
Project("{2150E333-8FDC-42A3-9474-1A3956D46DE8}") = "VisualStudio", "VisualStudio", "{4518B811-75A5-4AD2-B5E3-EDAF21EEDFC1}"
EndProject
Project("{9A19103F-16F7-4668-BE54-9A1E7A4F7556}") = "HelloIntro", "solutions\VisualStudio\HelloIntro\HelloIntro.csproj", "{1E9CBD7C-4CF8-4580-ACB3-3030BB46E7BF}"
EndProject
Project("{FAE04EC0-301F-11D3-BF4B-00C04F79EFBC}") = "Operators", "solutions\Operators\Operators.csproj", "{493A1D2C-06C1-4A99-839E-D91695140BE8}"
EndProject
Project("{FAE04EC0-301F-11D3-BF4B-00C04F79EFBC}") = "WhileLoop", "solutions\WhileLoop\WhileLoop.csproj", "{C6DCA9A2-3318-4530-8837-1010D2703155}"
EndProject
Project("{FAE04EC0-301F-11D3-BF4B-00C04F79EFBC}") = "ForLoop", "solutions\ForLoop\ForLoop.csproj", "{4DF06EDC-BF79-4B10-8519-9E90F43B60B8}"
EndProject
Project("{FAE04EC0-301F-11D3-BF4B-00C04F79EFBC}") = "Conditionals", "solutions\Conditionals\Conditionals.csproj", "{8F8541FF-70AC-4849-BE8B-ACD0BEE91153}"
EndProject
Project("{FAE04EC0-301F-11D3-BF4B-00C04F79EFBC}") = "Arrays", "solutions\Arrays\Arrays.csproj", "{38709B73-1E55-4488-AEF0-FFC273F553A2}"
EndProject
Project("{FAE04EC0-301F-11D3-BF4B-00C04F79EFBC}") = "StringsConsole", "solutions\StringsConsole\StringsConsole.csproj", "{11168966-A054-4E73-89EA-BE8CE21F78F3}"
EndProject
Project("{2150E333-8FDC-42A3-9474-1A3956D46DE8}") = "examples", "examples", "{55A08246-83CA-4F7C-88B7-03C58251BB2C}"
EndProject
Project("{FAE04EC0-301F-11D3-BF4B-00C04F79EFBC}") = "BubbleSort", "examples\BubbleSort\BubbleSort.csproj", "{9FA1A26A-4B76-416B-B023-DC975BE82A4B}"
EndProject
Project("{2150E333-8FDC-42A3-9474-1A3956D46DE8}") = "labs", "labs", "{F3E80E3B-5AFA-4787-AC43-4CD424328106}"
EndProject
Project("{FAE04EC0-301F-11D3-BF4B-00C04F79EFBC}") = "BubbleSortStarter", "labs\BubbleSort\BubbleSortStarter.csproj", "{1D6DE995-D9C4-468A-B3B5-8C9778D556C8}"
EndProject
Project("{FAE04EC0-301F-11D3-BF4B-00C04F79EFBC}") = "BubbleSortSolution", "solutions\BubbleSortSolution\BubbleSortSolution.csproj", "{95825B98-8D6C-4094-AB95-4244801EBE5D}"
EndProject
Project("{FAE04EC0-301F-11D3-BF4B-00C04F79EFBC}") = "References", "solutions\References\References.csproj", "{E05A49E2-4FCD-447D-B6E2-8CA1D12933C8}"
EndProject
Project("{FAE04EC0-301F-11D3-BF4B-00C04F79EFBC}") = "BasicMethods", "solutions\BasicMethods\BasicMethods.csproj", "{C10C0857-CCCC-4C48-B851-FADCB674F041}"
EndProject
Project("{FAE04EC0-301F-11D3-BF4B-00C04F79EFBC}") = "MethodParameters", "solutions\MethodParameters\MethodParameters.csproj", "{2B3631E1-0594-4A7D-A4D3-C3A18DC7A0C7}"
EndProject
Project("{FAE04EC0-301F-11D3-BF4B-00C04F79EFBC}") = "outref", "examples\outref\outref.csproj", "{70EC9810-F53C-45BE-AF5C-7A3079C84EF5}"
EndProject
Project("{FAE04EC0-301F-11D3-BF4B-00C04F79EFBC}") = "Struct", "solutions\Struct\Struct.csproj", "{56F38B1F-1E1C-4835-B1F1-7A3BD36AFBF5}"
EndProject
Project("{FAE04EC0-301F-11D3-BF4B-00C04F79EFBC}") = "Enum", "solutions\Enum\Enum.csproj", "{B77D95B2-7CF2-4759-A7B7-318A31C1A8D9}"
EndProject
Project("{FAE04EC0-301F-11D3-BF4B-00C04F79EFBC}") = "ClassExamples", "examples\ClassExamples\ClassExamples.csproj", "{C5415A8A-181B-448E-B037-997EEB6A1F30}"
EndProject
Project("{FAE04EC0-301F-11D3-BF4B-00C04F79EFBC}") = "BasicClasses", "solutions\BasicClasses\BasicClasses.csproj", "{1EB2C4FB-7B05-454E-8181-6EED54FA6496}"
EndProject
Project("{FAE04EC0-301F-11D3-BF4B-00C04F79EFBC}") = "ClassProperties", "solutions\ClassProperties\ClassProperties.csproj", "{742414D5-DC63-4050-8F48-78A5655BF62A}"
EndProject
Project("{FAE04EC0-301F-11D3-BF4B-00C04F79EFBC}") = "Types", "solutions\Types\Types.csproj", "{53FDD180-890A-4BCF-B7E2-15CE6EC72A31}"
EndProject
Project("{FAE04EC0-301F-11D3-BF4B-00C04F79EFBC}") = "Syntax", "solutions\Syntax\Syntax.csproj", "{8D8729DB-8226-4963-8D76-D190807DC397}"
EndProject
Project("{FAE04EC0-301F-11D3-BF4B-00C04F79EFBC}") = "Loops", "solutions\Loops\Loops.csproj", "{23A9492B-1AF6-4DEB-9CE1-8A14E75F558C}"
EndProject
Project("{FAE04EC0-301F-11D3-BF4B-00C04F79EFBC}") = "ClassMembers", "solutions\ClassMembers\ClassMembers.csproj", "{DE94012C-4571-423C-BCB9-57E8414724CE}"
EndProject
Project("{FAE04EC0-301F-11D3-BF4B-00C04F79EFBC}") = "Exceptions", "solutions\Exceptions\Exceptions.csproj", "{7A79F1AF-8476-4F27-A4D0-1311076968DE}"
EndProject
Project("{FAE04EC0-301F-11D3-BF4B-00C04F79EFBC}") = "RobustClasses", "solutions\RobustClasses\RobustClasses.csproj", "{496FF80B-CF26-4E65-ABC5-5FF63A070520}"
EndProject
Project("{FAE04EC0-301F-11D3-BF4B-00C04F79EFBC}") = "Namespaces", "solutions\Namespaces\Namespaces.csproj", "{3D4F5D9C-D483-4D72-B352-F645E7E243CA}"
EndProject
Project("{FAE04EC0-301F-11D3-BF4B-00C04F79EFBC}") = "Streams", "solutions\Streams\Streams.csproj", "{B92DB703-E0D0-421C-8A12-677DE2E1A863}"
EndProject
Project("{FAE04EC0-301F-11D3-BF4B-00C04F79EFBC}") = "DateTime", "solutions\DateTime\DateTime.csproj", "{52B4B924-23F3-4360-868C-3E0FF29731B2}"
EndProject
Project("{FAE04EC0-301F-11D3-BF4B-00C04F79EFBC}") = "Generics", "solutions\Generics\Generics.csproj", "{4FDCDD33-4423-46B2-8313-3B9417C6E4D6}"
EndProject
Project("{FAE04EC0-301F-11D3-BF4B-00C04F79EFBC}") = "Collections", "solutions\Collections\Collections.csproj", "{9665647C-A775-4936-9786-14389C653AEF}"
EndProject
Project("{FAE04EC0-301F-11D3-BF4B-00C04F79EFBC}") = "Inheritance", "solutions\Inheritance\Inheritance.csproj", "{24EC93F6-B584-4745-9933-8C3013FE8874}"
EndProject
Project("{FAE04EC0-301F-11D3-BF4B-00C04F79EFBC}") = "Interface", "solutions\Interface\Interface.csproj", "{AB074AE5-2FA2-488F-A8DD-6F16DB8CD483}"
EndProject
Project("{FAE04EC0-301F-11D3-BF4B-00C04F79EFBC}") = "Delegates", "solutions\Delegates\Delegates.csproj", "{AA74BCA2-AED5-4AAD-B24C-E73C4989E550}"
EndProject
Project("{FAE04EC0-301F-11D3-BF4B-00C04F79EFBC}") = "MenuMaker", "solutions\MenuMaker\MenuMaker.csproj", "{93A6D991-58EC-4917-B41A-B8FD16C03536}"
EndProject
Project("{FAE04EC0-301F-11D3-BF4B-00C04F79EFBC}") = "Prompt", "solutions\Prompt\Prompt.csproj", "{5D9F56D8-034C-4A4B-959B-84A12A113E0E}"
EndProject
Project("{FAE04EC0-301F-11D3-BF4B-00C04F79EFBC}") = "PaywizUI", "solutions\PaywizUI\PaywizUI.csproj", "{C44E68E3-C72F-4505-822B-44F2F2771EC7}"
EndProject
Project("{FAE04EC0-301F-11D3-BF4B-00C04F79EFBC}") = "Lambda", "solutions\Lambda\Lambda.csproj", "{A441113D-EA89-4C99-9899-A04F80FB24E5}"
EndProject
Project("{FAE04EC0-301F-11D3-BF4B-00C04F79EFBC}") = "PaywizEditEmp", "solutions\PaywizEditEmp\PaywizEditEmp.csproj", "{E81C38AC-1124-46A9-BC72-DE8ACA35CB5B}"
EndProject
Project("{FAE04EC0-301F-11D3-BF4B-00C04F79EFBC}") = "PaywizPersist", "solutions\PaywizPersist\PaywizPersist.csproj", "{B6DF6DE3-46D7-4393-B344-F1F454A09CBB}"
EndProject
Global
	GlobalSection(SolutionConfigurationPlatforms) = preSolution
		Debug|Any CPU = Debug|Any CPU
		Release|Any CPU = Release|Any CPU
	EndGlobalSection
	GlobalSection(ProjectConfigurationPlatforms) = postSolution
		{1E9CBD7C-4CF8-4580-ACB3-3030BB46E7BF}.Debug|Any CPU.ActiveCfg = Debug|Any CPU
		{1E9CBD7C-4CF8-4580-ACB3-3030BB46E7BF}.Debug|Any CPU.Build.0 = Debug|Any CPU
		{1E9CBD7C-4CF8-4580-ACB3-3030BB46E7BF}.Release|Any CPU.ActiveCfg = Release|Any CPU
		{1E9CBD7C-4CF8-4580-ACB3-3030BB46E7BF}.Release|Any CPU.Build.0 = Release|Any CPU
		{493A1D2C-06C1-4A99-839E-D91695140BE8}.Debug|Any CPU.ActiveCfg = Debug|Any CPU
		{493A1D2C-06C1-4A99-839E-D91695140BE8}.Debug|Any CPU.Build.0 = Debug|Any CPU
		{493A1D2C-06C1-4A99-839E-D91695140BE8}.Release|Any CPU.ActiveCfg = Release|Any CPU
		{493A1D2C-06C1-4A99-839E-D91695140BE8}.Release|Any CPU.Build.0 = Release|Any CPU
		{C6DCA9A2-3318-4530-8837-1010D2703155}.Debug|Any CPU.ActiveCfg = Debug|Any CPU
		{C6DCA9A2-3318-4530-8837-1010D2703155}.Debug|Any CPU.Build.0 = Debug|Any CPU
		{C6DCA9A2-3318-4530-8837-1010D2703155}.Release|Any CPU.ActiveCfg = Release|Any CPU
		{C6DCA9A2-3318-4530-8837-1010D2703155}.Release|Any CPU.Build.0 = Release|Any CPU
		{4DF06EDC-BF79-4B10-8519-9E90F43B60B8}.Debug|Any CPU.ActiveCfg = Debug|Any CPU
		{4DF06EDC-BF79-4B10-8519-9E90F43B60B8}.Debug|Any CPU.Build.0 = Debug|Any CPU
		{4DF06EDC-BF79-4B10-8519-9E90F43B60B8}.Release|Any CPU.ActiveCfg = Release|Any CPU
		{4DF06EDC-BF79-4B10-8519-9E90F43B60B8}.Release|Any CPU.Build.0 = Release|Any CPU
		{8F8541FF-70AC-4849-BE8B-ACD0BEE91153}.Debug|Any CPU.ActiveCfg = Debug|Any CPU
		{8F8541FF-70AC-4849-BE8B-ACD0BEE91153}.Debug|Any CPU.Build.0 = Debug|Any CPU
		{8F8541FF-70AC-4849-BE8B-ACD0BEE91153}.Release|Any CPU.ActiveCfg = Release|Any CPU
		{8F8541FF-70AC-4849-BE8B-ACD0BEE91153}.Release|Any CPU.Build.0 = Release|Any CPU
		{38709B73-1E55-4488-AEF0-FFC273F553A2}.Debug|Any CPU.ActiveCfg = Debug|Any CPU
		{38709B73-1E55-4488-AEF0-FFC273F553A2}.Debug|Any CPU.Build.0 = Debug|Any CPU
		{38709B73-1E55-4488-AEF0-FFC273F553A2}.Release|Any CPU.ActiveCfg = Release|Any CPU
		{38709B73-1E55-4488-AEF0-FFC273F553A2}.Release|Any CPU.Build.0 = Release|Any CPU
		{11168966-A054-4E73-89EA-BE8CE21F78F3}.Debug|Any CPU.ActiveCfg = Debug|Any CPU
		{11168966-A054-4E73-89EA-BE8CE21F78F3}.Debug|Any CPU.Build.0 = Debug|Any CPU
		{11168966-A054-4E73-89EA-BE8CE21F78F3}.Release|Any CPU.ActiveCfg = Release|Any CPU
		{11168966-A054-4E73-89EA-BE8CE21F78F3}.Release|Any CPU.Build.0 = Release|Any CPU
		{9FA1A26A-4B76-416B-B023-DC975BE82A4B}.Debug|Any CPU.ActiveCfg = Debug|Any CPU
		{9FA1A26A-4B76-416B-B023-DC975BE82A4B}.Debug|Any CPU.Build.0 = Debug|Any CPU
		{9FA1A26A-4B76-416B-B023-DC975BE82A4B}.Release|Any CPU.ActiveCfg = Release|Any CPU
		{9FA1A26A-4B76-416B-B023-DC975BE82A4B}.Release|Any CPU.Build.0 = Release|Any CPU
		{1D6DE995-D9C4-468A-B3B5-8C9778D556C8}.Debug|Any CPU.ActiveCfg = Debug|Any CPU
		{1D6DE995-D9C4-468A-B3B5-8C9778D556C8}.Debug|Any CPU.Build.0 = Debug|Any CPU
		{1D6DE995-D9C4-468A-B3B5-8C9778D556C8}.Release|Any CPU.ActiveCfg = Release|Any CPU
		{1D6DE995-D9C4-468A-B3B5-8C9778D556C8}.Release|Any CPU.Build.0 = Release|Any CPU
		{95825B98-8D6C-4094-AB95-4244801EBE5D}.Debug|Any CPU.ActiveCfg = Debug|Any CPU
		{95825B98-8D6C-4094-AB95-4244801EBE5D}.Debug|Any CPU.Build.0 = Debug|Any CPU
		{95825B98-8D6C-4094-AB95-4244801EBE5D}.Release|Any CPU.ActiveCfg = Release|Any CPU
		{95825B98-8D6C-4094-AB95-4244801EBE5D}.Release|Any CPU.Build.0 = Release|Any CPU
		{E05A49E2-4FCD-447D-B6E2-8CA1D12933C8}.Debug|Any CPU.ActiveCfg = Debug|Any CPU
		{E05A49E2-4FCD-447D-B6E2-8CA1D12933C8}.Debug|Any CPU.Build.0 = Debug|Any CPU
		{E05A49E2-4FCD-447D-B6E2-8CA1D12933C8}.Release|Any CPU.ActiveCfg = Release|Any CPU
		{E05A49E2-4FCD-447D-B6E2-8CA1D12933C8}.Release|Any CPU.Build.0 = Release|Any CPU
		{C10C0857-CCCC-4C48-B851-FADCB674F041}.Debug|Any CPU.ActiveCfg = Debug|Any CPU
		{C10C0857-CCCC-4C48-B851-FADCB674F041}.Debug|Any CPU.Build.0 = Debug|Any CPU
		{C10C0857-CCCC-4C48-B851-FADCB674F041}.Release|Any CPU.ActiveCfg = Release|Any CPU
		{C10C0857-CCCC-4C48-B851-FADCB674F041}.Release|Any CPU.Build.0 = Release|Any CPU
		{2B3631E1-0594-4A7D-A4D3-C3A18DC7A0C7}.Debug|Any CPU.ActiveCfg = Debug|Any CPU
		{2B3631E1-0594-4A7D-A4D3-C3A18DC7A0C7}.Debug|Any CPU.Build.0 = Debug|Any CPU
		{2B3631E1-0594-4A7D-A4D3-C3A18DC7A0C7}.Release|Any CPU.ActiveCfg = Release|Any CPU
		{2B3631E1-0594-4A7D-A4D3-C3A18DC7A0C7}.Release|Any CPU.Build.0 = Release|Any CPU
		{70EC9810-F53C-45BE-AF5C-7A3079C84EF5}.Debug|Any CPU.ActiveCfg = Debug|Any CPU
		{70EC9810-F53C-45BE-AF5C-7A3079C84EF5}.Debug|Any CPU.Build.0 = Debug|Any CPU
		{70EC9810-F53C-45BE-AF5C-7A3079C84EF5}.Release|Any CPU.ActiveCfg = Release|Any CPU
		{70EC9810-F53C-45BE-AF5C-7A3079C84EF5}.Release|Any CPU.Build.0 = Release|Any CPU
		{56F38B1F-1E1C-4835-B1F1-7A3BD36AFBF5}.Debug|Any CPU.ActiveCfg = Debug|Any CPU
		{56F38B1F-1E1C-4835-B1F1-7A3BD36AFBF5}.Debug|Any CPU.Build.0 = Debug|Any CPU
		{56F38B1F-1E1C-4835-B1F1-7A3BD36AFBF5}.Release|Any CPU.ActiveCfg = Release|Any CPU
		{56F38B1F-1E1C-4835-B1F1-7A3BD36AFBF5}.Release|Any CPU.Build.0 = Release|Any CPU
		{B77D95B2-7CF2-4759-A7B7-318A31C1A8D9}.Debug|Any CPU.ActiveCfg = Debug|Any CPU
		{B77D95B2-7CF2-4759-A7B7-318A31C1A8D9}.Debug|Any CPU.Build.0 = Debug|Any CPU
		{B77D95B2-7CF2-4759-A7B7-318A31C1A8D9}.Release|Any CPU.ActiveCfg = Release|Any CPU
		{B77D95B2-7CF2-4759-A7B7-318A31C1A8D9}.Release|Any CPU.Build.0 = Release|Any CPU
		{C5415A8A-181B-448E-B037-997EEB6A1F30}.Debug|Any CPU.ActiveCfg = Debug|Any CPU
		{C5415A8A-181B-448E-B037-997EEB6A1F30}.Debug|Any CPU.Build.0 = Debug|Any CPU
		{C5415A8A-181B-448E-B037-997EEB6A1F30}.Release|Any CPU.ActiveCfg = Release|Any CPU
		{C5415A8A-181B-448E-B037-997EEB6A1F30}.Release|Any CPU.Build.0 = Release|Any CPU
		{1EB2C4FB-7B05-454E-8181-6EED54FA6496}.Debug|Any CPU.ActiveCfg = Debug|Any CPU
		{1EB2C4FB-7B05-454E-8181-6EED54FA6496}.Debug|Any CPU.Build.0 = Debug|Any CPU
		{1EB2C4FB-7B05-454E-8181-6EED54FA6496}.Release|Any CPU.ActiveCfg = Release|Any CPU
		{1EB2C4FB-7B05-454E-8181-6EED54FA6496}.Release|Any CPU.Build.0 = Release|Any CPU
		{742414D5-DC63-4050-8F48-78A5655BF62A}.Debug|Any CPU.ActiveCfg = Debug|Any CPU
		{742414D5-DC63-4050-8F48-78A5655BF62A}.Debug|Any CPU.Build.0 = Debug|Any CPU
		{742414D5-DC63-4050-8F48-78A5655BF62A}.Release|Any CPU.ActiveCfg = Release|Any CPU
		{742414D5-DC63-4050-8F48-78A5655BF62A}.Release|Any CPU.Build.0 = Release|Any CPU
		{53FDD180-890A-4BCF-B7E2-15CE6EC72A31}.Debug|Any CPU.ActiveCfg = Debug|Any CPU
		{53FDD180-890A-4BCF-B7E2-15CE6EC72A31}.Debug|Any CPU.Build.0 = Debug|Any CPU
		{53FDD180-890A-4BCF-B7E2-15CE6EC72A31}.Release|Any CPU.ActiveCfg = Release|Any CPU
		{53FDD180-890A-4BCF-B7E2-15CE6EC72A31}.Release|Any CPU.Build.0 = Release|Any CPU
		{8D8729DB-8226-4963-8D76-D190807DC397}.Debug|Any CPU.ActiveCfg = Debug|Any CPU
		{8D8729DB-8226-4963-8D76-D190807DC397}.Debug|Any CPU.Build.0 = Debug|Any CPU
		{8D8729DB-8226-4963-8D76-D190807DC397}.Release|Any CPU.ActiveCfg = Release|Any CPU
		{8D8729DB-8226-4963-8D76-D190807DC397}.Release|Any CPU.Build.0 = Release|Any CPU
		{23A9492B-1AF6-4DEB-9CE1-8A14E75F558C}.Debug|Any CPU.ActiveCfg = Debug|Any CPU
		{23A9492B-1AF6-4DEB-9CE1-8A14E75F558C}.Debug|Any CPU.Build.0 = Debug|Any CPU
		{23A9492B-1AF6-4DEB-9CE1-8A14E75F558C}.Release|Any CPU.ActiveCfg = Release|Any CPU
		{23A9492B-1AF6-4DEB-9CE1-8A14E75F558C}.Release|Any CPU.Build.0 = Release|Any CPU
		{DE94012C-4571-423C-BCB9-57E8414724CE}.Debug|Any CPU.ActiveCfg = Debug|Any CPU
		{DE94012C-4571-423C-BCB9-57E8414724CE}.Debug|Any CPU.Build.0 = Debug|Any CPU
		{DE94012C-4571-423C-BCB9-57E8414724CE}.Release|Any CPU.ActiveCfg = Release|Any CPU
		{DE94012C-4571-423C-BCB9-57E8414724CE}.Release|Any CPU.Build.0 = Release|Any CPU
		{7A79F1AF-8476-4F27-A4D0-1311076968DE}.Debug|Any CPU.ActiveCfg = Debug|Any CPU
		{7A79F1AF-8476-4F27-A4D0-1311076968DE}.Debug|Any CPU.Build.0 = Debug|Any CPU
		{7A79F1AF-8476-4F27-A4D0-1311076968DE}.Release|Any CPU.ActiveCfg = Release|Any CPU
		{7A79F1AF-8476-4F27-A4D0-1311076968DE}.Release|Any CPU.Build.0 = Release|Any CPU
		{496FF80B-CF26-4E65-ABC5-5FF63A070520}.Debug|Any CPU.ActiveCfg = Debug|Any CPU
		{496FF80B-CF26-4E65-ABC5-5FF63A070520}.Debug|Any CPU.Build.0 = Debug|Any CPU
		{496FF80B-CF26-4E65-ABC5-5FF63A070520}.Release|Any CPU.ActiveCfg = Release|Any CPU
		{496FF80B-CF26-4E65-ABC5-5FF63A070520}.Release|Any CPU.Build.0 = Release|Any CPU
		{3D4F5D9C-D483-4D72-B352-F645E7E243CA}.Debug|Any CPU.ActiveCfg = Debug|Any CPU
		{3D4F5D9C-D483-4D72-B352-F645E7E243CA}.Debug|Any CPU.Build.0 = Debug|Any CPU
		{3D4F5D9C-D483-4D72-B352-F645E7E243CA}.Release|Any CPU.ActiveCfg = Release|Any CPU
		{3D4F5D9C-D483-4D72-B352-F645E7E243CA}.Release|Any CPU.Build.0 = Release|Any CPU
		{B92DB703-E0D0-421C-8A12-677DE2E1A863}.Debug|Any CPU.ActiveCfg = Debug|Any CPU
		{B92DB703-E0D0-421C-8A12-677DE2E1A863}.Debug|Any CPU.Build.0 = Debug|Any CPU
		{B92DB703-E0D0-421C-8A12-677DE2E1A863}.Release|Any CPU.ActiveCfg = Release|Any CPU
		{B92DB703-E0D0-421C-8A12-677DE2E1A863}.Release|Any CPU.Build.0 = Release|Any CPU
		{52B4B924-23F3-4360-868C-3E0FF29731B2}.Debug|Any CPU.ActiveCfg = Debug|Any CPU
		{52B4B924-23F3-4360-868C-3E0FF29731B2}.Debug|Any CPU.Build.0 = Debug|Any CPU
		{52B4B924-23F3-4360-868C-3E0FF29731B2}.Release|Any CPU.ActiveCfg = Release|Any CPU
		{52B4B924-23F3-4360-868C-3E0FF29731B2}.Release|Any CPU.Build.0 = Release|Any CPU
		{4FDCDD33-4423-46B2-8313-3B9417C6E4D6}.Debug|Any CPU.ActiveCfg = Debug|Any CPU
		{4FDCDD33-4423-46B2-8313-3B9417C6E4D6}.Debug|Any CPU.Build.0 = Debug|Any CPU
		{4FDCDD33-4423-46B2-8313-3B9417C6E4D6}.Release|Any CPU.ActiveCfg = Release|Any CPU
		{4FDCDD33-4423-46B2-8313-3B9417C6E4D6}.Release|Any CPU.Build.0 = Release|Any CPU
		{9665647C-A775-4936-9786-14389C653AEF}.Debug|Any CPU.ActiveCfg = Debug|Any CPU
		{9665647C-A775-4936-9786-14389C653AEF}.Debug|Any CPU.Build.0 = Debug|Any CPU
		{9665647C-A775-4936-9786-14389C653AEF}.Release|Any CPU.ActiveCfg = Release|Any CPU
		{9665647C-A775-4936-9786-14389C653AEF}.Release|Any CPU.Build.0 = Release|Any CPU
		{24EC93F6-B584-4745-9933-8C3013FE8874}.Debug|Any CPU.ActiveCfg = Debug|Any CPU
		{24EC93F6-B584-4745-9933-8C3013FE8874}.Debug|Any CPU.Build.0 = Debug|Any CPU
		{24EC93F6-B584-4745-9933-8C3013FE8874}.Release|Any CPU.ActiveCfg = Release|Any CPU
		{24EC93F6-B584-4745-9933-8C3013FE8874}.Release|Any CPU.Build.0 = Release|Any CPU
		{AB074AE5-2FA2-488F-A8DD-6F16DB8CD483}.Debug|Any CPU.ActiveCfg = Debug|Any CPU
		{AB074AE5-2FA2-488F-A8DD-6F16DB8CD483}.Debug|Any CPU.Build.0 = Debug|Any CPU
		{AB074AE5-2FA2-488F-A8DD-6F16DB8CD483}.Release|Any CPU.ActiveCfg = Release|Any CPU
		{AB074AE5-2FA2-488F-A8DD-6F16DB8CD483}.Release|Any CPU.Build.0 = Release|Any CPU
		{AA74BCA2-AED5-4AAD-B24C-E73C4989E550}.Debug|Any CPU.ActiveCfg = Debug|Any CPU
		{AA74BCA2-AED5-4AAD-B24C-E73C4989E550}.Debug|Any CPU.Build.0 = Debug|Any CPU
		{AA74BCA2-AED5-4AAD-B24C-E73C4989E550}.Release|Any CPU.ActiveCfg = Release|Any CPU
		{AA74BCA2-AED5-4AAD-B24C-E73C4989E550}.Release|Any CPU.Build.0 = Release|Any CPU
		{93A6D991-58EC-4917-B41A-B8FD16C03536}.Debug|Any CPU.ActiveCfg = Debug|Any CPU
		{93A6D991-58EC-4917-B41A-B8FD16C03536}.Debug|Any CPU.Build.0 = Debug|Any CPU
		{93A6D991-58EC-4917-B41A-B8FD16C03536}.Release|Any CPU.ActiveCfg = Release|Any CPU
		{93A6D991-58EC-4917-B41A-B8FD16C03536}.Release|Any CPU.Build.0 = Release|Any CPU
		{5D9F56D8-034C-4A4B-959B-84A12A113E0E}.Debug|Any CPU.ActiveCfg = Debug|Any CPU
		{5D9F56D8-034C-4A4B-959B-84A12A113E0E}.Debug|Any CPU.Build.0 = Debug|Any CPU
		{5D9F56D8-034C-4A4B-959B-84A12A113E0E}.Release|Any CPU.ActiveCfg = Release|Any CPU
		{5D9F56D8-034C-4A4B-959B-84A12A113E0E}.Release|Any CPU.Build.0 = Release|Any CPU
		{C44E68E3-C72F-4505-822B-44F2F2771EC7}.Debug|Any CPU.ActiveCfg = Debug|Any CPU
		{C44E68E3-C72F-4505-822B-44F2F2771EC7}.Debug|Any CPU.Build.0 = Debug|Any CPU
		{C44E68E3-C72F-4505-822B-44F2F2771EC7}.Release|Any CPU.ActiveCfg = Release|Any CPU
		{C44E68E3-C72F-4505-822B-44F2F2771EC7}.Release|Any CPU.Build.0 = Release|Any CPU
		{A441113D-EA89-4C99-9899-A04F80FB24E5}.Debug|Any CPU.ActiveCfg = Debug|Any CPU
		{A441113D-EA89-4C99-9899-A04F80FB24E5}.Debug|Any CPU.Build.0 = Debug|Any CPU
		{A441113D-EA89-4C99-9899-A04F80FB24E5}.Release|Any CPU.ActiveCfg = Release|Any CPU
		{A441113D-EA89-4C99-9899-A04F80FB24E5}.Release|Any CPU.Build.0 = Release|Any CPU
		{E81C38AC-1124-46A9-BC72-DE8ACA35CB5B}.Debug|Any CPU.ActiveCfg = Debug|Any CPU
		{E81C38AC-1124-46A9-BC72-DE8ACA35CB5B}.Debug|Any CPU.Build.0 = Debug|Any CPU
		{E81C38AC-1124-46A9-BC72-DE8ACA35CB5B}.Release|Any CPU.ActiveCfg = Release|Any CPU
		{E81C38AC-1124-46A9-BC72-DE8ACA35CB5B}.Release|Any CPU.Build.0 = Release|Any CPU
		{B6DF6DE3-46D7-4393-B344-F1F454A09CBB}.Debug|Any CPU.ActiveCfg = Debug|Any CPU
		{B6DF6DE3-46D7-4393-B344-F1F454A09CBB}.Debug|Any CPU.Build.0 = Debug|Any CPU
		{B6DF6DE3-46D7-4393-B344-F1F454A09CBB}.Release|Any CPU.ActiveCfg = Release|Any CPU
		{B6DF6DE3-46D7-4393-B344-F1F454A09CBB}.Release|Any CPU.Build.0 = Release|Any CPU
	EndGlobalSection
	GlobalSection(SolutionProperties) = preSolution
		HideSolutionNode = FALSE
	EndGlobalSection
	GlobalSection(NestedProjects) = preSolution
		{4518B811-75A5-4AD2-B5E3-EDAF21EEDFC1} = {389A6295-2416-4E55-9E9D-8B67FB90EC73}
		{1E9CBD7C-4CF8-4580-ACB3-3030BB46E7BF} = {4518B811-75A5-4AD2-B5E3-EDAF21EEDFC1}
		{493A1D2C-06C1-4A99-839E-D91695140BE8} = {389A6295-2416-4E55-9E9D-8B67FB90EC73}
		{C6DCA9A2-3318-4530-8837-1010D2703155} = {389A6295-2416-4E55-9E9D-8B67FB90EC73}
		{4DF06EDC-BF79-4B10-8519-9E90F43B60B8} = {389A6295-2416-4E55-9E9D-8B67FB90EC73}
		{8F8541FF-70AC-4849-BE8B-ACD0BEE91153} = {389A6295-2416-4E55-9E9D-8B67FB90EC73}
		{38709B73-1E55-4488-AEF0-FFC273F553A2} = {389A6295-2416-4E55-9E9D-8B67FB90EC73}
		{11168966-A054-4E73-89EA-BE8CE21F78F3} = {389A6295-2416-4E55-9E9D-8B67FB90EC73}
		{9FA1A26A-4B76-416B-B023-DC975BE82A4B} = {55A08246-83CA-4F7C-88B7-03C58251BB2C}
		{1D6DE995-D9C4-468A-B3B5-8C9778D556C8} = {F3E80E3B-5AFA-4787-AC43-4CD424328106}
		{95825B98-8D6C-4094-AB95-4244801EBE5D} = {389A6295-2416-4E55-9E9D-8B67FB90EC73}
		{E05A49E2-4FCD-447D-B6E2-8CA1D12933C8} = {389A6295-2416-4E55-9E9D-8B67FB90EC73}
		{C10C0857-CCCC-4C48-B851-FADCB674F041} = {389A6295-2416-4E55-9E9D-8B67FB90EC73}
		{2B3631E1-0594-4A7D-A4D3-C3A18DC7A0C7} = {389A6295-2416-4E55-9E9D-8B67FB90EC73}
		{70EC9810-F53C-45BE-AF5C-7A3079C84EF5} = {55A08246-83CA-4F7C-88B7-03C58251BB2C}
		{56F38B1F-1E1C-4835-B1F1-7A3BD36AFBF5} = {389A6295-2416-4E55-9E9D-8B67FB90EC73}
		{B77D95B2-7CF2-4759-A7B7-318A31C1A8D9} = {389A6295-2416-4E55-9E9D-8B67FB90EC73}
		{C5415A8A-181B-448E-B037-997EEB6A1F30} = {55A08246-83CA-4F7C-88B7-03C58251BB2C}
		{1EB2C4FB-7B05-454E-8181-6EED54FA6496} = {389A6295-2416-4E55-9E9D-8B67FB90EC73}
		{742414D5-DC63-4050-8F48-78A5655BF62A} = {389A6295-2416-4E55-9E9D-8B67FB90EC73}
		{53FDD180-890A-4BCF-B7E2-15CE6EC72A31} = {389A6295-2416-4E55-9E9D-8B67FB90EC73}
		{8D8729DB-8226-4963-8D76-D190807DC397} = {389A6295-2416-4E55-9E9D-8B67FB90EC73}
		{23A9492B-1AF6-4DEB-9CE1-8A14E75F558C} = {389A6295-2416-4E55-9E9D-8B67FB90EC73}
		{DE94012C-4571-423C-BCB9-57E8414724CE} = {389A6295-2416-4E55-9E9D-8B67FB90EC73}
		{7A79F1AF-8476-4F27-A4D0-1311076968DE} = {389A6295-2416-4E55-9E9D-8B67FB90EC73}
		{496FF80B-CF26-4E65-ABC5-5FF63A070520} = {389A6295-2416-4E55-9E9D-8B67FB90EC73}
		{3D4F5D9C-D483-4D72-B352-F645E7E243CA} = {389A6295-2416-4E55-9E9D-8B67FB90EC73}
		{B92DB703-E0D0-421C-8A12-677DE2E1A863} = {389A6295-2416-4E55-9E9D-8B67FB90EC73}
		{52B4B924-23F3-4360-868C-3E0FF29731B2} = {389A6295-2416-4E55-9E9D-8B67FB90EC73}
		{4FDCDD33-4423-46B2-8313-3B9417C6E4D6} = {389A6295-2416-4E55-9E9D-8B67FB90EC73}
		{9665647C-A775-4936-9786-14389C653AEF} = {389A6295-2416-4E55-9E9D-8B67FB90EC73}
		{24EC93F6-B584-4745-9933-8C3013FE8874} = {389A6295-2416-4E55-9E9D-8B67FB90EC73}
		{AB074AE5-2FA2-488F-A8DD-6F16DB8CD483} = {389A6295-2416-4E55-9E9D-8B67FB90EC73}
		{AA74BCA2-AED5-4AAD-B24C-E73C4989E550} = {389A6295-2416-4E55-9E9D-8B67FB90EC73}
		{93A6D991-58EC-4917-B41A-B8FD16C03536} = {389A6295-2416-4E55-9E9D-8B67FB90EC73}
		{5D9F56D8-034C-4A4B-959B-84A12A113E0E} = {389A6295-2416-4E55-9E9D-8B67FB90EC73}
		{C44E68E3-C72F-4505-822B-44F2F2771EC7} = {389A6295-2416-4E55-9E9D-8B67FB90EC73}
		{A441113D-EA89-4C99-9899-A04F80FB24E5} = {389A6295-2416-4E55-9E9D-8B67FB90EC73}
		{E81C38AC-1124-46A9-BC72-DE8ACA35CB5B} = {389A6295-2416-4E55-9E9D-8B67FB90EC73}
		{B6DF6DE3-46D7-4393-B344-F1F454A09CBB} = {389A6295-2416-4E55-9E9D-8B67FB90EC73}
	EndGlobalSection
	GlobalSection(ExtensibilityGlobals) = postSolution
		SolutionGuid = {C59E759E-3093-4ACC-A8B6-AA809587A063}
	EndGlobalSection
EndGlobal
